
Microsoft Visual Studio Solution File, Format Version 12.00
# Visual Studio Version 17
VisualStudioVersion = 17.11.35219.272
MinimumVisualStudioVersion = 10.0.40219.1
Project("{9A19103F-16F7-4668-BE54-9A1E7A4F7556}") = "L001_Introduction", "Code-alongs\L001_Introduction\L001_Introduction.csproj", "{A63ACACA-9812-42A4-82F0-D9EF2C47FD63}"
EndProject
Project("{9A19103F-16F7-4668-BE54-9A1E7A4F7556}") = "L003_Iterationer", "Code-alongs\L003_Iterationer\L003_Iterationer.csproj", "{8A45F9A0-7255-478B-A355-8CAE7D92E4DF}"
EndProject
Project("{9A19103F-16F7-4668-BE54-9A1E7A4F7556}") = "L002_Branching", "Code-alongs\L002_Branching\L002_Branching.csproj", "{6CA38E23-E2F9-4F35-BA84-9853C1E0D46C}"
EndProject
Project("{9A19103F-16F7-4668-BE54-9A1E7A4F7556}") = "L004_Felsökning", "Code-alongs\L004_Felsökning\L004_Felsökning.csproj", "{3F311263-4B3E-4835-B226-85B4EFF47F9D}"
EndProject
Project("{9A19103F-16F7-4668-BE54-9A1E7A4F7556}") = "L005_Arrays", "Code-alongs\L005_Arrays\L005_Arrays.csproj", "{6BA17ED6-FCCD-4BA8-BDD0-9A245BBFE72B}"
EndProject
Project("{9A19103F-16F7-4668-BE54-9A1E7A4F7556}") = "L006_Strings", "Code-alongs\L006_Strings\L006_Strings.csproj", "{21CAC7E8-B2E1-4683-B5E1-625B1D77CE90}"
EndProject
Project("{9A19103F-16F7-4668-BE54-9A1E7A4F7556}") = "L007_Funktioner", "Code-alongs\L007_Funktioner\L007_Funktioner.csproj", "{21D05172-9988-49BB-9C87-EFA04D5D1401}"
EndProject
Project("{9A19103F-16F7-4668-BE54-9A1E7A4F7556}") = "L008_Rekursiva_anrop", "Code-alongs\L008_Rekursiva_anrop\L008_Rekursiva_anrop.csproj", "{E6A6707F-4ACA-41FC-B41A-31F7CD1680A4}"
EndProject
Project("{9A19103F-16F7-4668-BE54-9A1E7A4F7556}") = "Excercises", "Code-alongs\Excercises\Excercises.csproj", "{4AFD7802-C386-4C87-ADC5-078D650A1244}"
EndProject
Project("{9A19103F-16F7-4668-BE54-9A1E7A4F7556}") = "L010_Math_and_Random", "Code-alongs\L010_Math_and_Random\L010_Math_and_Random.csproj", "{D3F1DC88-A4EA-4F58-A0AB-3941465DC330}"
EndProject
Project("{9A19103F-16F7-4668-BE54-9A1E7A4F7556}") = "L009_String_and_Char", "Code-alongs\L009_String_and_Char\L009_String_and_Char.csproj", "{DDFFA409-3A1A-46F1-9A64-F91231F83DA9}"
EndProject
Project("{9A19103F-16F7-4668-BE54-9A1E7A4F7556}") = "L011_DateTime_and_TimeSpan", "Code-alongs\L011_DateTime_and_TimeSpan\L011_DateTime_and_TimeSpan.csproj", "{4E96BFBB-1B32-46FF-A6B0-A4641F53FB6F}"
EndProject
Project("{9A19103F-16F7-4668-BE54-9A1E7A4F7556}") = "L012_Exceptions", "Code-alongs\L012_Exceptions\L012_Exceptions.csproj", "{BF2E7870-CD19-4092-9904-921E5D60BEBB}"
EndProject
Project("{9A19103F-16F7-4668-BE54-9A1E7A4F7556}") = "L013_Unicode", "Code-alongs\L013_Unicode\L013_Unicode.csproj", "{EEFBF21F-EBC7-4807-8D89-6E88E1CA64E3}"
EndProject
Project("{9A19103F-16F7-4668-BE54-9A1E7A4F7556}") = "L014_Path_and_Directory", "Code-alongs\L014_Path_and_Directory\L014_Path_and_Directory.csproj", "{B88F0A72-B42F-4F38-9D87-DC4D1D4405FE}"
EndProject
Project("{9A19103F-16F7-4668-BE54-9A1E7A4F7556}") = "L015_StreamWriter_och_StreamReader", "Code-alongs\L015_StreamWriter_och_StreamReader\L015_StreamWriter_och_StreamReader.csproj", "{F7CF590D-CF20-4A84-8149-192B4037CCE4}"
EndProject
Project("{9A19103F-16F7-4668-BE54-9A1E7A4F7556}") = "L016_FileStream", "Code-alongs\L016_FileStream\L016_FileStream.csproj", "{73B88D7F-7CCC-4CB0-8F0A-E325A8ED4A7A}"
EndProject
Project("{9A19103F-16F7-4668-BE54-9A1E7A4F7556}") = "L017_OOP_Intro", "Code-alongs\L017_OOP_Intro\L017_OOP_Intro.csproj", "{08F0EC46-5E95-43BB-97FC-D64DDD311496}"
EndProject
Project("{9A19103F-16F7-4668-BE54-9A1E7A4F7556}") = "L019_Main_method_entry_point", "Code-alongs\L019_Main_method_entry_point\L019_Main_method_entry_point.csproj", "{3F7E3A4B-5CD8-4E54-A067-090CE0DD4CB9}"
EndProject
Project("{9A19103F-16F7-4668-BE54-9A1E7A4F7556}") = "L020_Namespaces_and_Using", "Code-alongs\L020_Namespaces_and_Using\L020_Namespaces_and_Using.csproj", "{FC92DC72-BFC6-4C4F-BE50-B38AE93697C3}"
EndProject
Project("{9A19103F-16F7-4668-BE54-9A1E7A4F7556}") = "L021_Konstruktor", "Code-alongs\L021_Konstruktor\L021_Konstruktor.csproj", "{1181A378-6F46-4580-8A86-FC79C4F55B1D}"
EndProject
Project("{9A19103F-16F7-4668-BE54-9A1E7A4F7556}") = "L018_Static_classes_and_members", "Code-alongs\L018_Static_classes_and_members\L018_Static_classes_and_members.csproj", "{0BE8EBCD-9365-484C-AA02-600C33DBB9A3}"
EndProject
Project("{9A19103F-16F7-4668-BE54-9A1E7A4F7556}") = "L022_Properties", "Code-alongs\L022_Properties\L022_Properties.csproj", "{3B804727-036E-4981-8AF2-C1F420D039B4}"
EndProject
Project("{9A19103F-16F7-4668-BE54-9A1E7A4F7556}") = "L023_Pass_by_value_vs_Pass by_reference", "Code-alongs\L023_Pass_by_value_vs_Pass by_reference\L023_Pass_by_value_vs_Pass by_reference.csproj", "{FBAA2603-B41A-4DF5-AAEC-E71A1E848EFD}"
EndProject
Project("{9A19103F-16F7-4668-BE54-9A1E7A4F7556}") = "L024_Struct_och_Enum", "Code-alongs\L024_Struct_och_Enum\L024_Struct_och_Enum.csproj", "{4F8B4485-7B66-4568-97D8-C3F532C2D635}"
EndProject
Project("{9A19103F-16F7-4668-BE54-9A1E7A4F7556}") = "L025_Arv", "Code-alongs\L025_Arv\L025_Arv.csproj", "{DACD75AF-E73B-4E36-802B-CFFA1057873C}"
EndProject
Project("{9A19103F-16F7-4668-BE54-9A1E7A4F7556}") = "L026_Constructor_chaining", "Code-alongs\L026_Constructor_chaining\L026_Constructor_chaining.csproj", "{02BC5D2C-06C1-40A9-94FA-BF971B8EEFC6}"
EndProject
Project("{9A19103F-16F7-4668-BE54-9A1E7A4F7556}") = "L028_List", "Code-alongs\L028_List\L028_List.csproj", "{773AE203-5EAB-42B1-83B2-1A8198D46F7F}"
EndProject
Project("{9A19103F-16F7-4668-BE54-9A1E7A4F7556}") = "L029_Dictionary", "Code-alongs\L029_Dictionary\L029_Dictionary.csproj", "{2413C921-47DE-4E57-B462-DA5E88B992DA}"
EndProject
Project("{9A19103F-16F7-4668-BE54-9A1E7A4F7556}") = "L030_Stack", "Code-alongs\L030_Stack\L030_Stack.csproj", "{D3E1F4EC-873D-4B9C-81E0-4E14A28F5424}"
EndProject
Project("{9A19103F-16F7-4668-BE54-9A1E7A4F7556}") = "L031_Queue", "Code-alongs\L031_Queue\L031_Queue.csproj", "{3982B855-BFCF-4462-99FD-A2AD613BB704}"
EndProject
Project("{9A19103F-16F7-4668-BE54-9A1E7A4F7556}") = "L027_Generics", "Code-alongs\L027_Generics\L027_Generics.csproj", "{0DD52357-277B-4130-BE6E-6780C7DD0464}"
EndProject
Project("{9A19103F-16F7-4668-BE54-9A1E7A4F7556}") = "L032_Delegates", "Code-alongs\L032_Delegates\L032_Delegates.csproj", "{8A6F9978-2232-4B22-BC89-CA12317B26A6}"
EndProject
Project("{9A19103F-16F7-4668-BE54-9A1E7A4F7556}") = "L033_Events", "Code-alongs\L033_Events\L033_Events.csproj", "{5BE99DD5-8F82-4E0D-9E2C-2342920C8005}"
EndProject
Project("{FAE04EC0-301F-11D3-BF4B-00C04F79EFBC}") = "L034_Lambda", "Code-alongs\L034_Lambda\L034_Lambda.csproj", "{B8A78D0E-D12B-4D64-8A04-8B3366AB44A0}"
EndProject
Project("{FAE04EC0-301F-11D3-BF4B-00C04F79EFBC}") = "L035_Anonymous_Types", "Code-alongs\L035_Anonymous_Types\L035_Anonymous_Types.csproj", "{79FA699C-C405-4E73-BBB1-DEDED7C15A64}"
EndProject
Project("{FAE04EC0-301F-11D3-BF4B-00C04F79EFBC}") = "L036_Extension_Methods", "Code-alongs\L036_Extension_Methods\L036_Extension_Methods.csproj", "{D35CD1C8-50D9-4C27-9412-A984C2791970}"
EndProject
Project("{FAE04EC0-301F-11D3-BF4B-00C04F79EFBC}") = "L037_Library", "Code-alongs\L037_Library\L037_Library.csproj", "{1026C05B-5B32-48C4-80DB-ECEA82BA14A6}"
EndProject
Project("{FAE04EC0-301F-11D3-BF4B-00C04F79EFBC}") = "L038_Interface", "Code-alongs\L038_Interface\L038_Interface.csproj", "{DFB49031-0704-41EF-8E8B-635BC37D02FE}"
EndProject
Global
	GlobalSection(SolutionConfigurationPlatforms) = preSolution
		Debug|Any CPU = Debug|Any CPU
		Release|Any CPU = Release|Any CPU
	EndGlobalSection
	GlobalSection(ProjectConfigurationPlatforms) = postSolution
		{A63ACACA-9812-42A4-82F0-D9EF2C47FD63}.Debug|Any CPU.ActiveCfg = Debug|Any CPU
		{A63ACACA-9812-42A4-82F0-D9EF2C47FD63}.Debug|Any CPU.Build.0 = Debug|Any CPU
		{A63ACACA-9812-42A4-82F0-D9EF2C47FD63}.Release|Any CPU.ActiveCfg = Release|Any CPU
		{A63ACACA-9812-42A4-82F0-D9EF2C47FD63}.Release|Any CPU.Build.0 = Release|Any CPU
		{8A45F9A0-7255-478B-A355-8CAE7D92E4DF}.Debug|Any CPU.ActiveCfg = Debug|Any CPU
		{8A45F9A0-7255-478B-A355-8CAE7D92E4DF}.Debug|Any CPU.Build.0 = Debug|Any CPU
		{8A45F9A0-7255-478B-A355-8CAE7D92E4DF}.Release|Any CPU.ActiveCfg = Release|Any CPU
		{8A45F9A0-7255-478B-A355-8CAE7D92E4DF}.Release|Any CPU.Build.0 = Release|Any CPU
		{6CA38E23-E2F9-4F35-BA84-9853C1E0D46C}.Debug|Any CPU.ActiveCfg = Debug|Any CPU
		{6CA38E23-E2F9-4F35-BA84-9853C1E0D46C}.Debug|Any CPU.Build.0 = Debug|Any CPU
		{6CA38E23-E2F9-4F35-BA84-9853C1E0D46C}.Release|Any CPU.ActiveCfg = Release|Any CPU
		{6CA38E23-E2F9-4F35-BA84-9853C1E0D46C}.Release|Any CPU.Build.0 = Release|Any CPU
		{3F311263-4B3E-4835-B226-85B4EFF47F9D}.Debug|Any CPU.ActiveCfg = Debug|Any CPU
		{3F311263-4B3E-4835-B226-85B4EFF47F9D}.Debug|Any CPU.Build.0 = Debug|Any CPU
		{3F311263-4B3E-4835-B226-85B4EFF47F9D}.Release|Any CPU.ActiveCfg = Release|Any CPU
		{3F311263-4B3E-4835-B226-85B4EFF47F9D}.Release|Any CPU.Build.0 = Release|Any CPU
		{6BA17ED6-FCCD-4BA8-BDD0-9A245BBFE72B}.Debug|Any CPU.ActiveCfg = Debug|Any CPU
		{6BA17ED6-FCCD-4BA8-BDD0-9A245BBFE72B}.Debug|Any CPU.Build.0 = Debug|Any CPU
		{6BA17ED6-FCCD-4BA8-BDD0-9A245BBFE72B}.Release|Any CPU.ActiveCfg = Release|Any CPU
		{6BA17ED6-FCCD-4BA8-BDD0-9A245BBFE72B}.Release|Any CPU.Build.0 = Release|Any CPU
		{21CAC7E8-B2E1-4683-B5E1-625B1D77CE90}.Debug|Any CPU.ActiveCfg = Debug|Any CPU
		{21CAC7E8-B2E1-4683-B5E1-625B1D77CE90}.Debug|Any CPU.Build.0 = Debug|Any CPU
		{21CAC7E8-B2E1-4683-B5E1-625B1D77CE90}.Release|Any CPU.ActiveCfg = Release|Any CPU
		{21CAC7E8-B2E1-4683-B5E1-625B1D77CE90}.Release|Any CPU.Build.0 = Release|Any CPU
		{21D05172-9988-49BB-9C87-EFA04D5D1401}.Debug|Any CPU.ActiveCfg = Debug|Any CPU
		{21D05172-9988-49BB-9C87-EFA04D5D1401}.Debug|Any CPU.Build.0 = Debug|Any CPU
		{21D05172-9988-49BB-9C87-EFA04D5D1401}.Release|Any CPU.ActiveCfg = Release|Any CPU
		{21D05172-9988-49BB-9C87-EFA04D5D1401}.Release|Any CPU.Build.0 = Release|Any CPU
		{E6A6707F-4ACA-41FC-B41A-31F7CD1680A4}.Debug|Any CPU.ActiveCfg = Debug|Any CPU
		{E6A6707F-4ACA-41FC-B41A-31F7CD1680A4}.Debug|Any CPU.Build.0 = Debug|Any CPU
		{E6A6707F-4ACA-41FC-B41A-31F7CD1680A4}.Release|Any CPU.ActiveCfg = Release|Any CPU
		{E6A6707F-4ACA-41FC-B41A-31F7CD1680A4}.Release|Any CPU.Build.0 = Release|Any CPU
		{4AFD7802-C386-4C87-ADC5-078D650A1244}.Debug|Any CPU.ActiveCfg = Debug|Any CPU
		{4AFD7802-C386-4C87-ADC5-078D650A1244}.Debug|Any CPU.Build.0 = Debug|Any CPU
		{4AFD7802-C386-4C87-ADC5-078D650A1244}.Release|Any CPU.ActiveCfg = Release|Any CPU
		{4AFD7802-C386-4C87-ADC5-078D650A1244}.Release|Any CPU.Build.0 = Release|Any CPU
		{D3F1DC88-A4EA-4F58-A0AB-3941465DC330}.Debug|Any CPU.ActiveCfg = Debug|Any CPU
		{D3F1DC88-A4EA-4F58-A0AB-3941465DC330}.Debug|Any CPU.Build.0 = Debug|Any CPU
		{D3F1DC88-A4EA-4F58-A0AB-3941465DC330}.Release|Any CPU.ActiveCfg = Release|Any CPU
		{D3F1DC88-A4EA-4F58-A0AB-3941465DC330}.Release|Any CPU.Build.0 = Release|Any CPU
		{DDFFA409-3A1A-46F1-9A64-F91231F83DA9}.Debug|Any CPU.ActiveCfg = Debug|Any CPU
		{DDFFA409-3A1A-46F1-9A64-F91231F83DA9}.Debug|Any CPU.Build.0 = Debug|Any CPU
		{DDFFA409-3A1A-46F1-9A64-F91231F83DA9}.Release|Any CPU.ActiveCfg = Release|Any CPU
		{DDFFA409-3A1A-46F1-9A64-F91231F83DA9}.Release|Any CPU.Build.0 = Release|Any CPU
		{4E96BFBB-1B32-46FF-A6B0-A4641F53FB6F}.Debug|Any CPU.ActiveCfg = Debug|Any CPU
		{4E96BFBB-1B32-46FF-A6B0-A4641F53FB6F}.Debug|Any CPU.Build.0 = Debug|Any CPU
		{4E96BFBB-1B32-46FF-A6B0-A4641F53FB6F}.Release|Any CPU.ActiveCfg = Release|Any CPU
		{4E96BFBB-1B32-46FF-A6B0-A4641F53FB6F}.Release|Any CPU.Build.0 = Release|Any CPU
		{BF2E7870-CD19-4092-9904-921E5D60BEBB}.Debug|Any CPU.ActiveCfg = Debug|Any CPU
		{BF2E7870-CD19-4092-9904-921E5D60BEBB}.Debug|Any CPU.Build.0 = Debug|Any CPU
		{BF2E7870-CD19-4092-9904-921E5D60BEBB}.Release|Any CPU.ActiveCfg = Release|Any CPU
		{BF2E7870-CD19-4092-9904-921E5D60BEBB}.Release|Any CPU.Build.0 = Release|Any CPU
		{EEFBF21F-EBC7-4807-8D89-6E88E1CA64E3}.Debug|Any CPU.ActiveCfg = Debug|Any CPU
		{EEFBF21F-EBC7-4807-8D89-6E88E1CA64E3}.Debug|Any CPU.Build.0 = Debug|Any CPU
		{EEFBF21F-EBC7-4807-8D89-6E88E1CA64E3}.Release|Any CPU.ActiveCfg = Release|Any CPU
		{EEFBF21F-EBC7-4807-8D89-6E88E1CA64E3}.Release|Any CPU.Build.0 = Release|Any CPU
		{B88F0A72-B42F-4F38-9D87-DC4D1D4405FE}.Debug|Any CPU.ActiveCfg = Debug|Any CPU
		{B88F0A72-B42F-4F38-9D87-DC4D1D4405FE}.Debug|Any CPU.Build.0 = Debug|Any CPU
		{B88F0A72-B42F-4F38-9D87-DC4D1D4405FE}.Release|Any CPU.ActiveCfg = Release|Any CPU
		{B88F0A72-B42F-4F38-9D87-DC4D1D4405FE}.Release|Any CPU.Build.0 = Release|Any CPU
		{F7CF590D-CF20-4A84-8149-192B4037CCE4}.Debug|Any CPU.ActiveCfg = Debug|Any CPU
		{F7CF590D-CF20-4A84-8149-192B4037CCE4}.Debug|Any CPU.Build.0 = Debug|Any CPU
		{F7CF590D-CF20-4A84-8149-192B4037CCE4}.Release|Any CPU.ActiveCfg = Release|Any CPU
		{F7CF590D-CF20-4A84-8149-192B4037CCE4}.Release|Any CPU.Build.0 = Release|Any CPU
		{73B88D7F-7CCC-4CB0-8F0A-E325A8ED4A7A}.Debug|Any CPU.ActiveCfg = Debug|Any CPU
		{73B88D7F-7CCC-4CB0-8F0A-E325A8ED4A7A}.Debug|Any CPU.Build.0 = Debug|Any CPU
		{73B88D7F-7CCC-4CB0-8F0A-E325A8ED4A7A}.Release|Any CPU.ActiveCfg = Release|Any CPU
		{73B88D7F-7CCC-4CB0-8F0A-E325A8ED4A7A}.Release|Any CPU.Build.0 = Release|Any CPU
		{08F0EC46-5E95-43BB-97FC-D64DDD311496}.Debug|Any CPU.ActiveCfg = Debug|Any CPU
		{08F0EC46-5E95-43BB-97FC-D64DDD311496}.Debug|Any CPU.Build.0 = Debug|Any CPU
		{08F0EC46-5E95-43BB-97FC-D64DDD311496}.Release|Any CPU.ActiveCfg = Release|Any CPU
		{08F0EC46-5E95-43BB-97FC-D64DDD311496}.Release|Any CPU.Build.0 = Release|Any CPU
		{3F7E3A4B-5CD8-4E54-A067-090CE0DD4CB9}.Debug|Any CPU.ActiveCfg = Debug|Any CPU
		{3F7E3A4B-5CD8-4E54-A067-090CE0DD4CB9}.Debug|Any CPU.Build.0 = Debug|Any CPU
		{3F7E3A4B-5CD8-4E54-A067-090CE0DD4CB9}.Release|Any CPU.ActiveCfg = Release|Any CPU
		{3F7E3A4B-5CD8-4E54-A067-090CE0DD4CB9}.Release|Any CPU.Build.0 = Release|Any CPU
		{FC92DC72-BFC6-4C4F-BE50-B38AE93697C3}.Debug|Any CPU.ActiveCfg = Debug|Any CPU
		{FC92DC72-BFC6-4C4F-BE50-B38AE93697C3}.Debug|Any CPU.Build.0 = Debug|Any CPU
		{FC92DC72-BFC6-4C4F-BE50-B38AE93697C3}.Release|Any CPU.ActiveCfg = Release|Any CPU
		{FC92DC72-BFC6-4C4F-BE50-B38AE93697C3}.Release|Any CPU.Build.0 = Release|Any CPU
		{1181A378-6F46-4580-8A86-FC79C4F55B1D}.Debug|Any CPU.ActiveCfg = Debug|Any CPU
		{1181A378-6F46-4580-8A86-FC79C4F55B1D}.Debug|Any CPU.Build.0 = Debug|Any CPU
		{1181A378-6F46-4580-8A86-FC79C4F55B1D}.Release|Any CPU.ActiveCfg = Release|Any CPU
		{1181A378-6F46-4580-8A86-FC79C4F55B1D}.Release|Any CPU.Build.0 = Release|Any CPU
		{0BE8EBCD-9365-484C-AA02-600C33DBB9A3}.Debug|Any CPU.ActiveCfg = Debug|Any CPU
		{0BE8EBCD-9365-484C-AA02-600C33DBB9A3}.Debug|Any CPU.Build.0 = Debug|Any CPU
		{0BE8EBCD-9365-484C-AA02-600C33DBB9A3}.Release|Any CPU.ActiveCfg = Release|Any CPU
		{0BE8EBCD-9365-484C-AA02-600C33DBB9A3}.Release|Any CPU.Build.0 = Release|Any CPU
		{3B804727-036E-4981-8AF2-C1F420D039B4}.Debug|Any CPU.ActiveCfg = Debug|Any CPU
		{3B804727-036E-4981-8AF2-C1F420D039B4}.Debug|Any CPU.Build.0 = Debug|Any CPU
		{3B804727-036E-4981-8AF2-C1F420D039B4}.Release|Any CPU.ActiveCfg = Release|Any CPU
		{3B804727-036E-4981-8AF2-C1F420D039B4}.Release|Any CPU.Build.0 = Release|Any CPU
		{FBAA2603-B41A-4DF5-AAEC-E71A1E848EFD}.Debug|Any CPU.ActiveCfg = Debug|Any CPU
		{FBAA2603-B41A-4DF5-AAEC-E71A1E848EFD}.Debug|Any CPU.Build.0 = Debug|Any CPU
		{FBAA2603-B41A-4DF5-AAEC-E71A1E848EFD}.Release|Any CPU.ActiveCfg = Release|Any CPU
		{FBAA2603-B41A-4DF5-AAEC-E71A1E848EFD}.Release|Any CPU.Build.0 = Release|Any CPU
		{4F8B4485-7B66-4568-97D8-C3F532C2D635}.Debug|Any CPU.ActiveCfg = Debug|Any CPU
		{4F8B4485-7B66-4568-97D8-C3F532C2D635}.Debug|Any CPU.Build.0 = Debug|Any CPU
		{4F8B4485-7B66-4568-97D8-C3F532C2D635}.Release|Any CPU.ActiveCfg = Release|Any CPU
		{4F8B4485-7B66-4568-97D8-C3F532C2D635}.Release|Any CPU.Build.0 = Release|Any CPU
		{DACD75AF-E73B-4E36-802B-CFFA1057873C}.Debug|Any CPU.ActiveCfg = Debug|Any CPU
		{DACD75AF-E73B-4E36-802B-CFFA1057873C}.Debug|Any CPU.Build.0 = Debug|Any CPU
		{DACD75AF-E73B-4E36-802B-CFFA1057873C}.Release|Any CPU.ActiveCfg = Release|Any CPU
		{DACD75AF-E73B-4E36-802B-CFFA1057873C}.Release|Any CPU.Build.0 = Release|Any CPU
		{02BC5D2C-06C1-40A9-94FA-BF971B8EEFC6}.Debug|Any CPU.ActiveCfg = Debug|Any CPU
		{02BC5D2C-06C1-40A9-94FA-BF971B8EEFC6}.Debug|Any CPU.Build.0 = Debug|Any CPU
		{02BC5D2C-06C1-40A9-94FA-BF971B8EEFC6}.Release|Any CPU.ActiveCfg = Release|Any CPU
		{02BC5D2C-06C1-40A9-94FA-BF971B8EEFC6}.Release|Any CPU.Build.0 = Release|Any CPU
		{773AE203-5EAB-42B1-83B2-1A8198D46F7F}.Debug|Any CPU.ActiveCfg = Debug|Any CPU
		{773AE203-5EAB-42B1-83B2-1A8198D46F7F}.Debug|Any CPU.Build.0 = Debug|Any CPU
		{773AE203-5EAB-42B1-83B2-1A8198D46F7F}.Release|Any CPU.ActiveCfg = Release|Any CPU
		{773AE203-5EAB-42B1-83B2-1A8198D46F7F}.Release|Any CPU.Build.0 = Release|Any CPU
		{2413C921-47DE-4E57-B462-DA5E88B992DA}.Debug|Any CPU.ActiveCfg = Debug|Any CPU
		{2413C921-47DE-4E57-B462-DA5E88B992DA}.Debug|Any CPU.Build.0 = Debug|Any CPU
		{2413C921-47DE-4E57-B462-DA5E88B992DA}.Release|Any CPU.ActiveCfg = Release|Any CPU
		{2413C921-47DE-4E57-B462-DA5E88B992DA}.Release|Any CPU.Build.0 = Release|Any CPU
		{D3E1F4EC-873D-4B9C-81E0-4E14A28F5424}.Debug|Any CPU.ActiveCfg = Debug|Any CPU
		{D3E1F4EC-873D-4B9C-81E0-4E14A28F5424}.Debug|Any CPU.Build.0 = Debug|Any CPU
		{D3E1F4EC-873D-4B9C-81E0-4E14A28F5424}.Release|Any CPU.ActiveCfg = Release|Any CPU
		{D3E1F4EC-873D-4B9C-81E0-4E14A28F5424}.Release|Any CPU.Build.0 = Release|Any CPU
		{3982B855-BFCF-4462-99FD-A2AD613BB704}.Debug|Any CPU.ActiveCfg = Debug|Any CPU
		{3982B855-BFCF-4462-99FD-A2AD613BB704}.Debug|Any CPU.Build.0 = Debug|Any CPU
		{3982B855-BFCF-4462-99FD-A2AD613BB704}.Release|Any CPU.ActiveCfg = Release|Any CPU
		{3982B855-BFCF-4462-99FD-A2AD613BB704}.Release|Any CPU.Build.0 = Release|Any CPU
		{0DD52357-277B-4130-BE6E-6780C7DD0464}.Debug|Any CPU.ActiveCfg = Debug|Any CPU
		{0DD52357-277B-4130-BE6E-6780C7DD0464}.Debug|Any CPU.Build.0 = Debug|Any CPU
		{0DD52357-277B-4130-BE6E-6780C7DD0464}.Release|Any CPU.ActiveCfg = Release|Any CPU
		{0DD52357-277B-4130-BE6E-6780C7DD0464}.Release|Any CPU.Build.0 = Release|Any CPU
		{8A6F9978-2232-4B22-BC89-CA12317B26A6}.Debug|Any CPU.ActiveCfg = Debug|Any CPU
		{8A6F9978-2232-4B22-BC89-CA12317B26A6}.Debug|Any CPU.Build.0 = Debug|Any CPU
		{8A6F9978-2232-4B22-BC89-CA12317B26A6}.Release|Any CPU.ActiveCfg = Release|Any CPU
		{8A6F9978-2232-4B22-BC89-CA12317B26A6}.Release|Any CPU.Build.0 = Release|Any CPU
		{5BE99DD5-8F82-4E0D-9E2C-2342920C8005}.Debug|Any CPU.ActiveCfg = Debug|Any CPU
		{5BE99DD5-8F82-4E0D-9E2C-2342920C8005}.Debug|Any CPU.Build.0 = Debug|Any CPU
		{5BE99DD5-8F82-4E0D-9E2C-2342920C8005}.Release|Any CPU.ActiveCfg = Release|Any CPU
		{5BE99DD5-8F82-4E0D-9E2C-2342920C8005}.Release|Any CPU.Build.0 = Release|Any CPU
		{B8A78D0E-D12B-4D64-8A04-8B3366AB44A0}.Debug|Any CPU.ActiveCfg = Debug|Any CPU
		{B8A78D0E-D12B-4D64-8A04-8B3366AB44A0}.Debug|Any CPU.Build.0 = Debug|Any CPU
		{B8A78D0E-D12B-4D64-8A04-8B3366AB44A0}.Release|Any CPU.ActiveCfg = Release|Any CPU
		{B8A78D0E-D12B-4D64-8A04-8B3366AB44A0}.Release|Any CPU.Build.0 = Release|Any CPU
		{79FA699C-C405-4E73-BBB1-DEDED7C15A64}.Debug|Any CPU.ActiveCfg = Debug|Any CPU
		{79FA699C-C405-4E73-BBB1-DEDED7C15A64}.Debug|Any CPU.Build.0 = Debug|Any CPU
		{79FA699C-C405-4E73-BBB1-DEDED7C15A64}.Release|Any CPU.ActiveCfg = Release|Any CPU
		{79FA699C-C405-4E73-BBB1-DEDED7C15A64}.Release|Any CPU.Build.0 = Release|Any CPU
		{D35CD1C8-50D9-4C27-9412-A984C2791970}.Debug|Any CPU.ActiveCfg = Debug|Any CPU
		{D35CD1C8-50D9-4C27-9412-A984C2791970}.Debug|Any CPU.Build.0 = Debug|Any CPU
		{D35CD1C8-50D9-4C27-9412-A984C2791970}.Release|Any CPU.ActiveCfg = Release|Any CPU
		{D35CD1C8-50D9-4C27-9412-A984C2791970}.Release|Any CPU.Build.0 = Release|Any CPU
		{1026C05B-5B32-48C4-80DB-ECEA82BA14A6}.Debug|Any CPU.ActiveCfg = Debug|Any CPU
		{1026C05B-5B32-48C4-80DB-ECEA82BA14A6}.Debug|Any CPU.Build.0 = Debug|Any CPU
		{1026C05B-5B32-48C4-80DB-ECEA82BA14A6}.Release|Any CPU.ActiveCfg = Release|Any CPU
		{1026C05B-5B32-48C4-80DB-ECEA82BA14A6}.Release|Any CPU.Build.0 = Release|Any CPU
		{DFB49031-0704-41EF-8E8B-635BC37D02FE}.Debug|Any CPU.ActiveCfg = Debug|Any CPU
		{DFB49031-0704-41EF-8E8B-635BC37D02FE}.Debug|Any CPU.Build.0 = Debug|Any CPU
		{DFB49031-0704-41EF-8E8B-635BC37D02FE}.Release|Any CPU.ActiveCfg = Release|Any CPU
		{DFB49031-0704-41EF-8E8B-635BC37D02FE}.Release|Any CPU.Build.0 = Release|Any CPU
	EndGlobalSection
	GlobalSection(SolutionProperties) = preSolution
		HideSolutionNode = FALSE
	EndGlobalSection
	GlobalSection(ExtensibilityGlobals) = postSolution
		SolutionGuid = {450AC859-25B6-4F68-A507-148ACD9898AF}
	EndGlobalSection
EndGlobal
